{
  "version": "4",
  "specifiers": {
    "jsr:@cross/deepmerge@1": "1.0.0",
    "jsr:@cross/dir@^1.1.0": "1.1.0",
    "jsr:@cross/env@1": "1.0.2",
    "jsr:@cross/runtime@1": "1.1.0",
    "jsr:@cross/utils@0.7": "0.7.1",
    "jsr:@korkje/memz@0.1.3": "0.1.3",
    "jsr:@macil/aocd@^2.0.1": "2.0.1",
    "jsr:@std/assert@^1.0.6": "1.0.8",
    "jsr:@std/cli@^1.0.6": "1.0.6",
    "jsr:@std/collections@*": "1.0.9",
    "jsr:@std/internal@^1.0.5": "1.0.5",
    "npm:@types/node@*": "22.5.4"
  },
  "jsr": {
    "@cross/deepmerge@1.0.0": {
      "integrity": "1e1318a74e31ba1959b9aa0acae8bd417b806f74ffd25ac07c90e12f83ad6b1d"
    },
    "@cross/dir@1.1.0": {
      "integrity": "41eb779daf160f53bc33ef91f593f332fffc52ec9b81f87178db564718534e59",
      "dependencies": [
        "jsr:@cross/env",
        "jsr:@cross/runtime",
        "jsr:@cross/utils"
      ]
    },
    "@cross/env@1.0.2": {
      "integrity": "28501ad1043c218a5b00fe5db27ec62c01ab16371bbe1b9d738496f0a7c5eeb8",
      "dependencies": [
        "jsr:@cross/deepmerge",
        "jsr:@cross/runtime"
      ]
    },
    "@cross/runtime@1.1.0": {
      "integrity": "f35a3b768a9de125277329483b684062ffc9ee86f4449cb8b3d614adcad64ffb"
    },
    "@cross/utils@0.7.1": {
      "integrity": "6cc50ad31b0904364188c43d10e3d4888d817a3d415528b014c27deb8a35564e",
      "dependencies": [
        "jsr:@cross/runtime"
      ]
    },
    "@korkje/memz@0.1.3": {
      "integrity": "32ebe1f6ae9f0476a6635c971bb5b278ecd747c65b0a6855834030ce874996a4"
    },
    "@macil/aocd@2.0.1": {
      "integrity": "e90b03c3fb781648f892ed7937fe65afeb7ddce12beb5b01641f175a6e352c26",
      "dependencies": [
        "jsr:@cross/dir",
        "jsr:@korkje/memz",
        "jsr:@std/cli"
      ]
    },
    "@std/assert@1.0.8": {
      "integrity": "ebe0bd7eb488ee39686f77003992f389a06c3da1bbd8022184804852b2fa641b",
      "dependencies": [
        "jsr:@std/internal"
      ]
    },
    "@std/cli@1.0.6": {
      "integrity": "d22d8b38c66c666d7ad1f2a66c5b122da1704f985d3c47f01129f05abb6c5d3d"
    },
    "@std/collections@1.0.9": {
      "integrity": "4f58104ead08a04a2199374247f07befe50ba01d9cca8cbb23ab9a0419921e71"
    },
    "@std/internal@1.0.5": {
      "integrity": "54a546004f769c1ac9e025abd15a76b6671ddc9687e2313b67376125650dc7ba"
    }
  },
  "npm": {
    "@types/node@22.5.4": {
      "integrity": "sha512-FDuKUJQm/ju9fT/SeX/6+gBzoPzlVCzfzmGkwKvRHQVxi4BntVbyIwf6a4Xn62mrvndLiml6z/UBXIdEVjQLXg==",
      "dependencies": [
        "undici-types"
      ]
    },
    "undici-types@6.19.8": {
      "integrity": "sha512-ve2KP6f/JnbPBFyobGHuerC9g1FYGn/F8n1LWTwNxCEzd6IfqTwUQcNXgEtmmQ6DlRrC1hrSrBnCZPokRrDHjw=="
    }
  },
  "workspace": {
    "dependencies": [
      "jsr:@macil/aocd@^2.0.1",
      "jsr:@std/assert@^1.0.6"
    ]
  }
}
